
Microsoft Visual Studio Solution File, Format Version 12.00
# Visual Studio 15
VisualStudioVersion = 15.0.28307.1267
MinimumVisualStudioVersion = 10.0.40219.1
Project("{FAE04EC0-301F-11D3-BF4B-00C04F79EFBC}") = "ServiceReservasi", "ServiceReservasi\ServiceReservasi.csproj", "{F40F6D60-C6E6-44FD-A8D6-FCCBF854AC1B}"
EndProject
Global
	GlobalSection(SolutionConfigurationPlatforms) = preSolution
		Debug|Any CPU = Debug|Any CPU
		Release|Any CPU = Release|Any CPU
	EndGlobalSection
	GlobalSection(ProjectConfigurationPlatforms) = postSolution
		{F40F6D60-C6E6-44FD-A8D6-FCCBF854AC1B}.Debug|Any CPU.ActiveCfg = Debug|Any CPU
		{F40F6D60-C6E6-44FD-A8D6-FCCBF854AC1B}.Debug|Any CPU.Build.0 = Debug|Any CPU
		{F40F6D60-C6E6-44FD-A8D6-FCCBF854AC1B}.Release|Any CPU.ActiveCfg = Release|Any CPU
		{F40F6D60-C6E6-44FD-A8D6-FCCBF854AC1B}.Release|Any CPU.Build.0 = Release|Any CPU
	EndGlobalSection
	GlobalSection(SolutionProperties) = preSolution
		HideSolutionNode = FALSE
	EndGlobalSection
	GlobalSection(ExtensibilityGlobals) = postSolution
		SolutionGuid = {6ECB8FBC-0D92-4E74-8DEA-EA35948AD8F5}
	EndGlobalSection
EndGlobal
